// !$*UTF8*$!
{
	archiveVersion = 1;
	classes = {
	};
	objectVersion = 46;
	objects = {

/* Begin PBXBuildFile section */
		8A04B1761CEEFE9C0072DED4 /* SRHotKeyManager.framework in Frameworks */ = {isa = PBXBuildFile; fileRef = 8A04B1751CEEFE9C0072DED4 /* SRHotKeyManager.framework */; };
		8A04B1771CEEFE9C0072DED4 /* SRHotKeyManager.framework in Embed Frameworks */ = {isa = PBXBuildFile; fileRef = 8A04B1751CEEFE9C0072DED4 /* SRHotKeyManager.framework */; settings = {ATTRIBUTES = (CodeSignOnCopy, RemoveHeadersOnCopy, ); }; };
		8A54AD2B1B96A29700D01984 /* AppDelegate.swift in Sources */ = {isa = PBXBuildFile; fileRef = 8A54AD2A1B96A29700D01984 /* AppDelegate.swift */; };
		8A54AD2D1B96A29700D01984 /* ViewController.swift in Sources */ = {isa = PBXBuildFile; fileRef = 8A54AD2C1B96A29700D01984 /* ViewController.swift */; };
		8A54AD2F1B96A29700D01984 /* Assets.xcassets in Resources */ = {isa = PBXBuildFile; fileRef = 8A54AD2E1B96A29700D01984 /* Assets.xcassets */; };
		8A54AD321B96A29700D01984 /* Main.storyboard in Resources */ = {isa = PBXBuildFile; fileRef = 8A54AD301B96A29700D01984 /* Main.storyboard */; };
		8A54AD3D1B96A29700D01984 /* SRHotKeyManagerDemoTests.swift in Sources */ = {isa = PBXBuildFile; fileRef = 8A54AD3C1B96A29700D01984 /* SRHotKeyManagerDemoTests.swift */; };
/* End PBXBuildFile section */

/* Begin PBXContainerItemProxy section */
		8A54AD391B96A29700D01984 /* PBXContainerItemProxy */ = {
			isa = PBXContainerItemProxy;
			containerPortal = 8A54AD1F1B96A29700D01984 /* Project object */;
			proxyType = 1;
			remoteGlobalIDString = 8A54AD261B96A29700D01984;
			remoteInfo = SRHotKeyManagerDemo;
		};
/* End PBXContainerItemProxy section */

/* Begin PBXCopyFilesBuildPhase section */
		8A54AD641B96A34B00D01984 /* Embed Frameworks */ = {
			isa = PBXCopyFilesBuildPhase;
			buildActionMask = 2147483647;
			dstPath = "";
			dstSubfolderSpec = 10;
			files = (
				8A04B1771CEEFE9C0072DED4 /* SRHotKeyManager.framework in Embed Frameworks */,
			);
			name = "Embed Frameworks";
			runOnlyForDeploymentPostprocessing = 0;
		};
/* End PBXCopyFilesBuildPhase section */

/* Begin PBXFileReference section */
		8A04B1751CEEFE9C0072DED4 /* SRHotKeyManager.framework */ = {isa = PBXFileReference; explicitFileType = wrapper.framework; name = SRHotKeyManager.framework; path = "/Users/hirenn/Library/Developer/Xcode/DerivedData/SRHotKeyManager-bnzkyrsngfqunvfgocjofzfjbewx/Build/Products/Debug/SRHotKeyManager.framework"; sourceTree = "<absolute>"; };
		8A54AD271B96A29700D01984 /* SRHotKeyManagerDemo.app */ = {isa = PBXFileReference; explicitFileType = wrapper.application; includeInIndex = 0; path = SRHotKeyManagerDemo.app; sourceTree = BUILT_PRODUCTS_DIR; };
		8A54AD2A1B96A29700D01984 /* AppDelegate.swift */ = {isa = PBXFileReference; lastKnownFileType = sourcecode.swift; path = AppDelegate.swift; sourceTree = "<group>"; };
		8A54AD2C1B96A29700D01984 /* ViewController.swift */ = {isa = PBXFileReference; lastKnownFileType = sourcecode.swift; path = ViewController.swift; sourceTree = "<group>"; };
		8A54AD2E1B96A29700D01984 /* Assets.xcassets */ = {isa = PBXFileReference; lastKnownFileType = folder.assetcatalog; path = Assets.xcassets; sourceTree = "<group>"; };
		8A54AD311B96A29700D01984 /* Base */ = {isa = PBXFileReference; lastKnownFileType = file.storyboard; name = Base; path = Base.lproj/Main.storyboard; sourceTree = "<group>"; };
		8A54AD331B96A29700D01984 /* Info.plist */ = {isa = PBXFileReference; lastKnownFileType = text.plist.xml; path = Info.plist; sourceTree = "<group>"; };
		8A54AD381B96A29700D01984 /* SRHotKeyManagerDemoTests.xctest */ = {isa = PBXFileReference; explicitFileType = wrapper.cfbundle; includeInIndex = 0; path = SRHotKeyManagerDemoTests.xctest; sourceTree = BUILT_PRODUCTS_DIR; };
		8A54AD3C1B96A29700D01984 /* SRHotKeyManagerDemoTests.swift */ = {isa = PBXFileReference; lastKnownFileType = sourcecode.swift; path = SRHotKeyManagerDemoTests.swift; sourceTree = "<group>"; };
		8A54AD3E1B96A29700D01984 /* Info.plist */ = {isa = PBXFileReference; lastKnownFileType = text.plist.xml; path = Info.plist; sourceTree = "<group>"; };
/* End PBXFileReference section */

/* Begin PBXFrameworksBuildPhase section */
		8A54AD241B96A29700D01984 /* Frameworks */ = {
			isa = PBXFrameworksBuildPhase;
			buildActionMask = 2147483647;
			files = (
				8A04B1761CEEFE9C0072DED4 /* SRHotKeyManager.framework in Frameworks */,
			);
			runOnlyForDeploymentPostprocessing = 0;
		};
		8A54AD351B96A29700D01984 /* Frameworks */ = {
			isa = PBXFrameworksBuildPhase;
			buildActionMask = 2147483647;
			files = (
			);
			runOnlyForDeploymentPostprocessing = 0;
		};
/* End PBXFrameworksBuildPhase section */

/* Begin PBXGroup section */
		8A54AD1E1B96A29700D01984 = {
			isa = PBXGroup;
			children = (
				8A04B1751CEEFE9C0072DED4 /* SRHotKeyManager.framework */,
				8A54AD291B96A29700D01984 /* SRHotKeyManagerDemo */,
				8A54AD3B1B96A29700D01984 /* SRHotKeyManagerDemoTests */,
				8A54AD281B96A29700D01984 /* Products */,
			);
			sourceTree = "<group>";
		};
		8A54AD281B96A29700D01984 /* Products */ = {
			isa = PBXGroup;
			children = (
				8A54AD271B96A29700D01984 /* SRHotKeyManagerDemo.app */,
				8A54AD381B96A29700D01984 /* SRHotKeyManagerDemoTests.xctest */,
			);
			name = Products;
			sourceTree = "<group>";
		};
		8A54AD291B96A29700D01984 /* SRHotKeyManagerDemo */ = {
			isa = PBXGroup;
			children = (
				8A54AD2A1B96A29700D01984 /* AppDelegate.swift */,
				8A54AD2C1B96A29700D01984 /* ViewController.swift */,
				8A54AD2E1B96A29700D01984 /* Assets.xcassets */,
				8A54AD301B96A29700D01984 /* Main.storyboard */,
				8A54AD331B96A29700D01984 /* Info.plist */,
			);
			path = SRHotKeyManagerDemo;
			sourceTree = "<group>";
		};
		8A54AD3B1B96A29700D01984 /* SRHotKeyManagerDemoTests */ = {
			isa = PBXGroup;
			children = (
				8A54AD3C1B96A29700D01984 /* SRHotKeyManagerDemoTests.swift */,
				8A54AD3E1B96A29700D01984 /* Info.plist */,
			);
			path = SRHotKeyManagerDemoTests;
			sourceTree = "<group>";
		};
/* End PBXGroup section */

/* Begin PBXNativeTarget section */
		8A54AD261B96A29700D01984 /* SRHotKeyManagerDemo */ = {
			isa = PBXNativeTarget;
			buildConfigurationList = 8A54AD411B96A29700D01984 /* Build configuration list for PBXNativeTarget "SRHotKeyManagerDemo" */;
			buildPhases = (
				8A54AD231B96A29700D01984 /* Sources */,
				8A54AD241B96A29700D01984 /* Frameworks */,
				8A54AD251B96A29700D01984 /* Resources */,
				8A54AD641B96A34B00D01984 /* Embed Frameworks */,
			);
			buildRules = (
			);
			dependencies = (
			);
			name = SRHotKeyManagerDemo;
			productName = SRHotKeyManagerDemo;
			productReference = 8A54AD271B96A29700D01984 /* SRHotKeyManagerDemo.app */;
			productType = "com.apple.product-type.application";
		};
		8A54AD371B96A29700D01984 /* SRHotKeyManagerDemoTests */ = {
			isa = PBXNativeTarget;
			buildConfigurationList = 8A54AD441B96A29700D01984 /* Build configuration list for PBXNativeTarget "SRHotKeyManagerDemoTests" */;
			buildPhases = (
				8A54AD341B96A29700D01984 /* Sources */,
				8A54AD351B96A29700D01984 /* Frameworks */,
				8A54AD361B96A29700D01984 /* Resources */,
			);
			buildRules = (
			);
			dependencies = (
				8A54AD3A1B96A29700D01984 /* PBXTargetDependency */,
			);
			name = SRHotKeyManagerDemoTests;
			productName = SRHotKeyManagerDemoTests;
			productReference = 8A54AD381B96A29700D01984 /* SRHotKeyManagerDemoTests.xctest */;
			productType = "com.apple.product-type.bundle.unit-test";
		};
/* End PBXNativeTarget section */

/* Begin PBXProject section */
		8A54AD1F1B96A29700D01984 /* Project object */ = {
			isa = PBXProject;
			attributes = {
				LastUpgradeCheck = 0700;
				ORGANIZATIONNAME = Seorenn;
				TargetAttributes = {
					8A54AD261B96A29700D01984 = {
						CreatedOnToolsVersion = 7.0;
					};
					8A54AD371B96A29700D01984 = {
						CreatedOnToolsVersion = 7.0;
						TestTargetID = 8A54AD261B96A29700D01984;
					};
				};
			};
			buildConfigurationList = 8A54AD221B96A29700D01984 /* Build configuration list for PBXProject "SRHotKeyManagerDemo" */;
			compatibilityVersion = "Xcode 3.2";
			developmentRegion = English;
			hasScannedForEncodings = 0;
			knownRegions = (
				en,
				Base,
			);
			mainGroup = 8A54AD1E1B96A29700D01984;
			productRefGroup = 8A54AD281B96A29700D01984 /* Products */;
			projectDirPath = "";
			projectRoot = "";
			targets = (
				8A54AD261B96A29700D01984 /* SRHotKeyManagerDemo */,
				8A54AD371B96A29700D01984 /* SRHotKeyManagerDemoTests */,
			);
		};
/* End PBXProject section */

/* Begin PBXResourcesBuildPhase section */
		8A54AD251B96A29700D01984 /* Resources */ = {
			isa = PBXResourcesBuildPhase;
			buildActionMask = 2147483647;
			files = (
				8A54AD2F1B96A29700D01984 /* Assets.xcassets in Resources */,
				8A54AD321B96A29700D01984 /* Main.storyboard in Resources */,
			);
			runOnlyForDeploymentPostprocessing = 0;
		};
		8A54AD361B96A29700D01984 /* Resources */ = {
			isa = PBXResourcesBuildPhase;
			buildActionMask = 2147483647;
			files = (
			);
			runOnlyForDeploymentPostprocessing = 0;
		};
/* End PBXResourcesBuildPhase section */

/* Begin PBXSourcesBuildPhase section */
		8A54AD231B96A29700D01984 /* Sources */ = {
			isa = PBXSourcesBuildPhase;
			buildActionMask = 2147483647;
			files = (
				8A54AD2D1B96A29700D01984 /* ViewController.swift in Sources */,
				8A54AD2B1B96A29700D01984 /* AppDelegate.swift in Sources */,
			);
			runOnlyForDeploymentPostprocessing = 0;
		};
		8A54AD341B96A29700D01984 /* Sources */ = {
			isa = PBXSourcesBuildPhase;
			buildActionMask = 2147483647;
			files = (
				8A54AD3D1B96A29700D01984 /* SRHotKeyManagerDemoTests.swift in Sources */,
			);
			runOnlyForDeploymentPostprocessing = 0;
		};
/* End PBXSourcesBuildPhase section */

/* Begin PBXTargetDependency section */
		8A54AD3A1B96A29700D01984 /* PBXTargetDependency */ = {
			isa = PBXTargetDependency;
			target = 8A54AD261B96A29700D01984 /* SRHotKeyManagerDemo */;
			targetProxy = 8A54AD391B96A29700D01984 /* PBXContainerItemProxy */;
		};
/* End PBXTargetDependency section */

/* Begin PBXVariantGroup section */
		8A54AD301B96A29700D01984 /* Main.storyboard */ = {
			isa = PBXVariantGroup;
			children = (
				8A54AD311B96A29700D01984 /* Base */,
			);
			name = Main.storyboard;
			sourceTree = "<group>";
		};
/* End PBXVariantGroup section */

/* Begin XCBuildConfiguration section */
		8A54AD3F1B96A29700D01984 /* Debug */ = {
			isa = XCBuildConfiguration;
			buildSettings = {
				ALWAYS_SEARCH_USER_PATHS = NO;
				CLANG_CXX_LANGUAGE_STANDARD = "gnu++0x";
				CLANG_CXX_LIBRARY = "libc++";
				CLANG_ENABLE_MODULES = YES;
				CLANG_ENABLE_OBJC_ARC = YES;
				CLANG_WARN_BOOL_CONVERSION = YES;
				CLANG_WARN_CONSTANT_CONVERSION = YES;
				CLANG_WARN_DIRECT_OBJC_ISA_USAGE = YES_ERROR;
				CLANG_WARN_EMPTY_BODY = YES;
				CLANG_WARN_ENUM_CONVERSION = YES;
				CLANG_WARN_INT_CONVERSION = YES;
				CLANG_WARN_OBJC_ROOT_CLASS = YES_ERROR;
				CLANG_WARN_UNREACHABLE_CODE = YES;
				CLANG_WARN__DUPLICATE_METHOD_MATCH = YES;
				CODE_SIGN_IDENTITY = "-";
				COPY_PHASE_STRIP = NO;
				DEBUG_INFORMATION_FORMAT = dwarf;
				ENABLE_STRICT_OBJC_MSGSEND = YES;
				ENABLE_TESTABILITY = YES;
				GCC_C_LANGUAGE_STANDARD = gnu99;
				GCC_DYNAMIC_NO_PIC = NO;
				GCC_NO_COMMON_BLOCKS = YES;
				GCC_OPTIMIZATION_LEVEL = 0;
				GCC_PREPROCESSOR_DEFINITIONS = (
					"DEBUG=1",
					"$(inherited)",
				);
				GCC_WARN_64_TO_32_BIT_CONVERSION = YES;
				GCC_WARN_ABOUT_RETURN_TYPE = YES_ERROR;
				GCC_WARN_UNDECLARED_SELECTOR = YES;
				GCC_WARN_UNINITIALIZED_AUTOS = YES_AGGRESSIVE;
				GCC_WARN_UNUSED_FUNCTION = YES;
				GCC_WARN_UNUSED_VARIABLE = YES;
				MACOSX_DEPLOYMENT_TARGET = 10.10;
				MTL_ENABLE_DEBUG_INFO = YES;
				ONLY_ACTIVE_ARCH = YES;
				SDKROOT = macosx;
				SWIFT_OPTIMIZATION_LEVEL = "-Onone";
			};
			name = Debug;
		};
		8A54AD401B96A29700D01984 /* Release */ = {
			isa = XCBuildConfiguration;
			buildSettings = {
				ALWAYS_SEARCH_USER_PATHS = NO;
				CLANG_CXX_LANGUAGE_STANDARD = "gnu++0x";
				CLANG_CXX_LIBRARY = "libc++";
				CLANG_ENABLE_MODULES = YES;
				CLANG_ENABLE_OBJC_ARC = YES;
				CLANG_WARN_BOOL_CONVERSION = YES;
				CLANG_WARN_CONSTANT_CONVERSION = YES;
				CLANG_WARN_DIRECT_OBJC_ISA_USAGE = YES_ERROR;
				CLANG_WARN_EMPTY_BODY = YES;
				CLANG_WARN_ENUM_CONVERSION = YES;
				CLANG_WARN_INT_CONVERSION = YES;
				CLANG_WARN_OBJC_ROOT_CLASS = YES_ERROR;
				CLANG_WARN_UNREACHABLE_CODE = YES;
				CLANG_WARN__DUPLICATE_METHOD_MATCH = YES;
				CODE_SIGN_IDENTITY = "-";
				COPY_PHASE_STRIP = NO;
				DEBUG_INFORMATION_FORMAT = "dwarf-with-dsym";
				ENABLE_NS_ASSERTIONS = NO;
				ENABLE_STRICT_OBJC_MSGSEND = YES;
				GCC_C_LANGUAGE_STANDARD = gnu99;
				GCC_NO_COMMON_BLOCKS = YES;
				GCC_WARN_64_TO_32_BIT_CONVERSION = YES;
				GCC_WARN_ABOUT_RETURN_TYPE = YES_ERROR;
				GCC_WARN_UNDECLARED_SELECTOR = YES;
				GCC_WARN_UNINITIALIZED_AUTOS = YES_AGGRESSIVE;
				GCC_WARN_UNUSED_FUNCTION = YES;
				GCC_WARN_UNUSED_VARIABLE = YES;
				MACOSX_DEPLOYMENT_TARGET = 10.10;
				MTL_ENABLE_DEBUG_INFO = NO;
				SDKROOT = macosx;
			};
			name = Release;
		};
		8A54AD421B96A29700D01984 /* Debug */ = {
			isa = XCBuildConfiguration;
			buildSettings = {
				ASSETCATALOG_COMPILER_APPICON_NAME = AppIcon;
				COMBINE_HIDPI_IMAGES = YES;
				EMBEDDED_CONTENT_CONTAINS_SWIFT = YES;
				INFOPLIST_FILE = SRHotKeyManagerDemo/Info.plist;
				LD_RUNPATH_SEARCH_PATHS = "$(inherited) @executable_path/../Frameworks";
				PRODUCT_BUNDLE_IDENTIFIER = com.seorenn.SRHotKeyManagerDemo;
				PRODUCT_NAME = "$(TARGET_NAME)";
			};
			name = Debug;
		};
		8A54AD431B96A29700D01984 /* Release */ = {
			isa = XCBuildConfiguration;
			buildSettings = {
				ASSETCATALOG_COMPILER_APPICON_NAME = AppIcon;
				COMBINE_HIDPI_IMAGES = YES;
				EMBEDDED_CONTENT_CONTAINS_SWIFT = YES;
				INFOPLIST_FILE = SRHotKeyManagerDemo/Info.plist;
				LD_RUNPATH_SEARCH_PATHS = "$(inherited) @executable_path/../Frameworks";
				PRODUCT_BUNDLE_IDENTIFIER = com.seorenn.SRHotKeyManagerDemo;
				PRODUCT_NAME = "$(TARGET_NAME)";
			};
			name = Release;
		};
		8A54AD451B96A29700D01984 /* Debug */ = {
			isa = XCBuildConfiguration;
			buildSettings = {
				BUNDLE_LOADER = "$(TEST_HOST)";
				COMBINE_HIDPI_IMAGES = YES;
				INFOPLIST_FILE = SRHotKeyManagerDemoTests/Info.plist;
				LD_RUNPATH_SEARCH_PATHS = "$(inherited) @executable_path/../Frameworks @loader_path/../Frameworks";
				PRODUCT_BUNDLE_IDENTIFIER = com.seorenn.SRHotKeyManagerDemoTests;
				PRODUCT_NAME = "$(TARGET_NAME)";
				TEST_HOST = "$(BUILT_PRODUCTS_DIR)/SRHotKeyManagerDemo.app/Contents/MacOS/SRHotKeyManagerDemo";
			};
			name = Debug;
		};
		8A54AD461B96A29700D01984 /* Release */ = {
			isa = XCBuildConfiguration;
			buildSettings = {
				BUNDLE_LOADER = "$(TEST_HOST)";
				COMBINE_HIDPI_IMAGES = YES;
				INFOPLIST_FILE = SRHotKeyManagerDemoTests/Info.plist;
				LD_RUNPATH_SEARCH_PATHS = "$(inherited) @executable_path/../Frameworks @loader_path/../Frameworks";
				PRODUCT_BUNDLE_IDENTIFIER = com.seorenn.SRHotKeyManagerDemoTests;
				PRODUCT_NAME = "$(TARGET_NAME)";
				TEST_HOST = "$(BUILT_PRODUCTS_DIR)/SRHotKeyManagerDemo.app/Contents/MacOS/SRHotKeyManagerDemo";
			};
			name = Release;
		};
/* End XCBuildConfiguration section */

/* Begin XCConfigurationList section */
		8A54AD221B96A29700D01984 /* Build configuration list for PBXProject "SRHotKeyManagerDemo" */ = {
			isa = XCConfigurationList;
			buildConfigurations = (
				8A54AD3F1B96A29700D01984 /* Debug */,
				8A54AD401B96A29700D01984 /* Release */,
			);
			defaultConfigurationIsVisible = 0;
			defaultConfigurationName = Release;
		};
		8A54AD411B96A29700D01984 /* Build configuration list for PBXNativeTarget "SRHotKeyManagerDemo" */ = {
			isa = XCConfigurationList;
			buildConfigurations = (
				8A54AD421B96A29700D01984 /* Debug */,
				8A54AD431B96A29700D01984 /* Release */,
			);
			defaultConfigurationIsVisible = 0;
			defaultConfigurationName = Release;
		};
		8A54AD441B96A29700D01984 /* Build configuration list for PBXNativeTarget "SRHotKeyManagerDemoTests" */ = {
			isa = XCConfigurationList;
			buildConfigurations = (
				8A54AD451B96A29700D01984 /* Debug */,
				8A54AD461B96A29700D01984 /* Release */,
			);
			defaultConfigurationIsVisible = 0;
			defaultConfigurationName = Release;
		};
/* End XCConfigurationList section */
	};
	rootObject = 8A54AD1F1B96A29700D01984 /* Project object */;
}
